
Microsoft Visual Studio Solution File, Format Version 12.00
# Visual Studio Version 17
VisualStudioVersion = 17.2.32616.157
MinimumVisualStudioVersion = 10.0.40219.1
Project("{9A19103F-16F7-4668-BE54-9A1E7A4F7556}") = "DockerTodoList.Api", "DockerTodoList.Api.csproj", "{2D079B13-AA2E-45F9-8E29-B483445ED68F}"
EndProject
Project("{FAE04EC0-301F-11D3-BF4B-00C04F79EFBC}") = "DockerTodoList.Infrastructure.Database", "..\DockerTodoList.Infrastructure.Database\DockerTodoList.Infrastructure.Database.csproj", "{C448FCF1-D7A1-48F8-8249-DFFF0CA13CA4}"
EndProject
Project("{FAE04EC0-301F-11D3-BF4B-00C04F79EFBC}") = "DockerTodoList.Domain", "..\DockerTodoList.Domain\DockerTodoList.Domain.csproj", "{B4FD72E7-F9AA-4ED2-A65B-E2811DD89053}"
EndProject
Global
	GlobalSection(SolutionConfigurationPlatforms) = preSolution
		Debug|Any CPU = Debug|Any CPU
		Release|Any CPU = Release|Any CPU
	EndGlobalSection
	GlobalSection(ProjectConfigurationPlatforms) = postSolution
		{2D079B13-AA2E-45F9-8E29-B483445ED68F}.Debug|Any CPU.ActiveCfg = Debug|Any CPU
		{2D079B13-AA2E-45F9-8E29-B483445ED68F}.Debug|Any CPU.Build.0 = Debug|Any CPU
		{2D079B13-AA2E-45F9-8E29-B483445ED68F}.Release|Any CPU.ActiveCfg = Release|Any CPU
		{2D079B13-AA2E-45F9-8E29-B483445ED68F}.Release|Any CPU.Build.0 = Release|Any CPU
		{C448FCF1-D7A1-48F8-8249-DFFF0CA13CA4}.Debug|Any CPU.ActiveCfg = Debug|Any CPU
		{C448FCF1-D7A1-48F8-8249-DFFF0CA13CA4}.Debug|Any CPU.Build.0 = Debug|Any CPU
		{C448FCF1-D7A1-48F8-8249-DFFF0CA13CA4}.Release|Any CPU.ActiveCfg = Release|Any CPU
		{C448FCF1-D7A1-48F8-8249-DFFF0CA13CA4}.Release|Any CPU.Build.0 = Release|Any CPU
		{B4FD72E7-F9AA-4ED2-A65B-E2811DD89053}.Debug|Any CPU.ActiveCfg = Debug|Any CPU
		{B4FD72E7-F9AA-4ED2-A65B-E2811DD89053}.Debug|Any CPU.Build.0 = Debug|Any CPU
		{B4FD72E7-F9AA-4ED2-A65B-E2811DD89053}.Release|Any CPU.ActiveCfg = Release|Any CPU
		{B4FD72E7-F9AA-4ED2-A65B-E2811DD89053}.Release|Any CPU.Build.0 = Release|Any CPU
	EndGlobalSection
	GlobalSection(SolutionProperties) = preSolution
		HideSolutionNode = FALSE
	EndGlobalSection
	GlobalSection(ExtensibilityGlobals) = postSolution
		SolutionGuid = {44867A9C-FED7-43B6-AD47-48DFA65A7D87}
	EndGlobalSection
EndGlobal
